{
  "object": {
    "pins": [
      {
        "package": "Torah",
        "repositoryURL": "https://github.com/niazoff/Torah.git",
        "state": {
          "branch": "master",
          "revision": "fc723695fb676279f8374c3e7561560fe97da837",
          "version": null
        }
      },
      {
        "package": "VerseIndex",
        "repositoryURL": "https://github.com/niazoff/VerseIndex.git",
        "state": {
          "branch": "master",
          "revision": "a12dd2c95253f330c46c6004cefce2a3861691ec",
          "version": null
        }
      }
    ]
  },
  "version": 1
}
