{
  "object": {
    "pins": [
      {
        "package": "SwiftExtensions",
        "repositoryURL": "https://github.com/niazoff/SwiftExtensions.git",
        "state": {
          "branch": "master",
          "revision": "cda0c70cf0dd28e01b9dac863d234fd6ccb81100",
          "version": null
        }
      },
      {
        "package": "Torah",
        "repositoryURL": "https://github.com/niazoff/Torah.git",
        "state": {
          "branch": "master",
          "revision": "8d45d875828e8e10113156a609f28b8be34eabd9",
          "version": null
        }
      },
      {
        "package": "VerseIndex",
        "repositoryURL": "https://github.com/niazoff/VerseIndex.git",
        "state": {
          "branch": "master",
          "revision": "e86faf3dc9cb4ed0a7af1ae836aa712669591ccb",
          "version": null
        }
      }
    ]
  },
  "version": 1
}
