{
  "object": {
    "pins": [
      {
        "package": "SwiftExtensions",
        "repositoryURL": "https://github.com/niazoff/SwiftExtensions.git",
        "state": {
          "branch": "master",
          "revision": "03520fb502c284c806317f64e4acfcb59ac34027",
          "version": null
        }
      },
      {
        "package": "Torah",
        "repositoryURL": "https://github.com/niazoff/Torah.git",
        "state": {
          "branch": "master",
          "revision": "dea22741ad4a368bc89ea7397b93afa672767714",
          "version": null
        }
      },
      {
        "package": "VerseIndex",
        "repositoryURL": "https://github.com/niazoff/VerseIndex.git",
        "state": {
          "branch": "master",
          "revision": "a12dd2c95253f330c46c6004cefce2a3861691ec",
          "version": null
        }
      }
    ]
  },
  "version": 1
}
